
Microsoft Visual Studio Solution File, Format Version 12.00
# Visual Studio Version 16
VisualStudioVersion = 16.0.31105.61
MinimumVisualStudioVersion = 10.0.40219.1
Project("{FAE04EC0-301F-11D3-BF4B-00C04F79EFBC}") = "Ejercicio01", "Ejercicio01\Ejercicio01.csproj", "{40E3B704-C9D8-425C-AB30-703BB4EB6423}"
EndProject
Global
	GlobalSection(SolutionConfigurationPlatforms) = preSolution
		Debug|Any CPU = Debug|Any CPU
		Release|Any CPU = Release|Any CPU
	EndGlobalSection
	GlobalSection(ProjectConfigurationPlatforms) = postSolution
		{40E3B704-C9D8-425C-AB30-703BB4EB6423}.Debug|Any CPU.ActiveCfg = Debug|Any CPU
		{40E3B704-C9D8-425C-AB30-703BB4EB6423}.Debug|Any CPU.Build.0 = Debug|Any CPU
		{40E3B704-C9D8-425C-AB30-703BB4EB6423}.Release|Any CPU.ActiveCfg = Release|Any CPU
		{40E3B704-C9D8-425C-AB30-703BB4EB6423}.Release|Any CPU.Build.0 = Release|Any CPU
	EndGlobalSection
	GlobalSection(SolutionProperties) = preSolution
		HideSolutionNode = FALSE
	EndGlobalSection
	GlobalSection(ExtensibilityGlobals) = postSolution
		SolutionGuid = {E95477FA-8239-4A86-9592-BFCE5DC2DA0F}
	EndGlobalSection
EndGlobal
